
Microsoft Visual Studio Solution File, Format Version 12.00
# Visual Studio Version 16
VisualStudioVersion = 16.0.31911.196
MinimumVisualStudioVersion = 10.0.40219.1
Project("{FAE04EC0-301F-11D3-BF4B-00C04F79EFBC}") = "Ticari_Otomasyon", "Ticari_Otomasyon\Ticari_Otomasyon.csproj", "{B4A53908-1C61-4221-A44D-26AF15D7E55B}"
EndProject
Global
	GlobalSection(SolutionConfigurationPlatforms) = preSolution
		Debug|Any CPU = Debug|Any CPU
		Release|Any CPU = Release|Any CPU
	EndGlobalSection
	GlobalSection(ProjectConfigurationPlatforms) = postSolution
		{B4A53908-1C61-4221-A44D-26AF15D7E55B}.Debug|Any CPU.ActiveCfg = Debug|Any CPU
		{B4A53908-1C61-4221-A44D-26AF15D7E55B}.Debug|Any CPU.Build.0 = Debug|Any CPU
		{B4A53908-1C61-4221-A44D-26AF15D7E55B}.Release|Any CPU.ActiveCfg = Release|Any CPU
		{B4A53908-1C61-4221-A44D-26AF15D7E55B}.Release|Any CPU.Build.0 = Release|Any CPU
	EndGlobalSection
	GlobalSection(SolutionProperties) = preSolution
		HideSolutionNode = FALSE
	EndGlobalSection
	GlobalSection(ExtensibilityGlobals) = postSolution
		SolutionGuid = {CDE9A65B-91E8-4F04-88A1-52307C7FDB45}
	EndGlobalSection
EndGlobal
